
Microsoft Visual Studio Solution File, Format Version 12.00
# Visual Studio 15
VisualStudioVersion = 15.0.27703.2047
MinimumVisualStudioVersion = 10.0.40219.1
Project("{FAE04EC0-301F-11D3-BF4B-00C04F79EFBC}") = "FluentAPI.EF", "FluentAPI.EF\FluentAPI.EF.csproj", "{F7DA81FA-432F-42A4-A83B-A6ADC0866D9E}"
EndProject
Project("{FAE04EC0-301F-11D3-BF4B-00C04F79EFBC}") = "FluentAPI.Tests", "FluentAPI.Tests\FluentAPI.Tests.csproj", "{71D4142C-B723-4A04-8769-A709B7C8101F}"
EndProject
Project("{FAE04EC0-301F-11D3-BF4B-00C04F79EFBC}") = "FluentAPI.GUI", "FluentAPI.GUI\FluentAPI.GUI.csproj", "{61C7AA47-76EE-45ED-9D46-B7D5948403BB}"
EndProject
Project("{2150E333-8FDC-42A3-9474-1A3956D46DE8}") = "Partials", "Partials", "{6B3C3EEB-1D07-4804-BD1D-B3C23E7ED7A2}"
EndProject
Global
	GlobalSection(SolutionConfigurationPlatforms) = preSolution
		Debug|Any CPU = Debug|Any CPU
		Release|Any CPU = Release|Any CPU
	EndGlobalSection
	GlobalSection(ProjectConfigurationPlatforms) = postSolution
		{F7DA81FA-432F-42A4-A83B-A6ADC0866D9E}.Debug|Any CPU.ActiveCfg = Debug|Any CPU
		{F7DA81FA-432F-42A4-A83B-A6ADC0866D9E}.Debug|Any CPU.Build.0 = Debug|Any CPU
		{F7DA81FA-432F-42A4-A83B-A6ADC0866D9E}.Release|Any CPU.ActiveCfg = Release|Any CPU
		{F7DA81FA-432F-42A4-A83B-A6ADC0866D9E}.Release|Any CPU.Build.0 = Release|Any CPU
		{71D4142C-B723-4A04-8769-A709B7C8101F}.Debug|Any CPU.ActiveCfg = Debug|Any CPU
		{71D4142C-B723-4A04-8769-A709B7C8101F}.Debug|Any CPU.Build.0 = Debug|Any CPU
		{71D4142C-B723-4A04-8769-A709B7C8101F}.Release|Any CPU.ActiveCfg = Release|Any CPU
		{71D4142C-B723-4A04-8769-A709B7C8101F}.Release|Any CPU.Build.0 = Release|Any CPU
		{61C7AA47-76EE-45ED-9D46-B7D5948403BB}.Debug|Any CPU.ActiveCfg = Debug|Any CPU
		{61C7AA47-76EE-45ED-9D46-B7D5948403BB}.Debug|Any CPU.Build.0 = Debug|Any CPU
		{61C7AA47-76EE-45ED-9D46-B7D5948403BB}.Release|Any CPU.ActiveCfg = Release|Any CPU
		{61C7AA47-76EE-45ED-9D46-B7D5948403BB}.Release|Any CPU.Build.0 = Release|Any CPU
	EndGlobalSection
	GlobalSection(SolutionProperties) = preSolution
		HideSolutionNode = FALSE
	EndGlobalSection
	GlobalSection(ExtensibilityGlobals) = postSolution
		SolutionGuid = {50CD6D5D-34D5-4349-B980-46D1CDB213C8}
	EndGlobalSection
EndGlobal
